
Microsoft Visual Studio Solution File, Format Version 12.00
# Visual Studio Version 17
VisualStudioVersion = 17.5.33516.290
MinimumVisualStudioVersion = 10.0.40219.1
Project("{FAE04EC0-301F-11D3-BF4B-00C04F79EFBC}") = "net4-api", "net4-api\net4-api.csproj", "{F974557D-3CD6-45DB-864C-8DAD58844FFC}"
EndProject
Global
	GlobalSection(SolutionConfigurationPlatforms) = preSolution
		Debug|Any CPU = Debug|Any CPU
		Release|Any CPU = Release|Any CPU
	EndGlobalSection
	GlobalSection(ProjectConfigurationPlatforms) = postSolution
		{F974557D-3CD6-45DB-864C-8DAD58844FFC}.Debug|Any CPU.ActiveCfg = Debug|Any CPU
		{F974557D-3CD6-45DB-864C-8DAD58844FFC}.Debug|Any CPU.Build.0 = Debug|Any CPU
		{F974557D-3CD6-45DB-864C-8DAD58844FFC}.Release|Any CPU.ActiveCfg = Release|Any CPU
		{F974557D-3CD6-45DB-864C-8DAD58844FFC}.Release|Any CPU.Build.0 = Release|Any CPU
	EndGlobalSection
	GlobalSection(SolutionProperties) = preSolution
		HideSolutionNode = FALSE
	EndGlobalSection
	GlobalSection(ExtensibilityGlobals) = postSolution
		SolutionGuid = {3FAC71E9-D578-472D-8F76-C16E8010CD79}
	EndGlobalSection
EndGlobal
